
Microsoft Visual Studio Solution File, Format Version 12.00
# Visual Studio Version 16
VisualStudioVersion = 16.0.30907.101
MinimumVisualStudioVersion = 10.0.40219.1
Project("{FAE04EC0-301F-11D3-BF4B-00C04F79EFBC}") = "WebAPI", "WebAPI\WebAPI.csproj", "{7BC5454A-6CA9-478A-9954-684BA821B700}"
EndProject
Global
	GlobalSection(SolutionConfigurationPlatforms) = preSolution
		Debug|Any CPU = Debug|Any CPU
		Release|Any CPU = Release|Any CPU
	EndGlobalSection
	GlobalSection(ProjectConfigurationPlatforms) = postSolution
		{7BC5454A-6CA9-478A-9954-684BA821B700}.Debug|Any CPU.ActiveCfg = Debug|Any CPU
		{7BC5454A-6CA9-478A-9954-684BA821B700}.Debug|Any CPU.Build.0 = Debug|Any CPU
		{7BC5454A-6CA9-478A-9954-684BA821B700}.Release|Any CPU.ActiveCfg = Release|Any CPU
		{7BC5454A-6CA9-478A-9954-684BA821B700}.Release|Any CPU.Build.0 = Release|Any CPU
	EndGlobalSection
	GlobalSection(SolutionProperties) = preSolution
		HideSolutionNode = FALSE
	EndGlobalSection
	GlobalSection(ExtensibilityGlobals) = postSolution
		SolutionGuid = {BD956F0C-28E3-440A-B873-15DA77401838}
	EndGlobalSection
EndGlobal
